
Microsoft Visual Studio Solution File, Format Version 12.00
# Visual Studio Version 17
VisualStudioVersion = 17.6.33829.357
MinimumVisualStudioVersion = 10.0.40219.1
Project("{FAE04EC0-301F-11D3-BF4B-00C04F79EFBC}") = "lab5", "lab5\lab5.csproj", "{C1FA874E-3C70-43AA-8F32-B713C457506E}"
EndProject
Global
	GlobalSection(SolutionConfigurationPlatforms) = preSolution
		Debug|Any CPU = Debug|Any CPU
		Release|Any CPU = Release|Any CPU
	EndGlobalSection
	GlobalSection(ProjectConfigurationPlatforms) = postSolution
		{C1FA874E-3C70-43AA-8F32-B713C457506E}.Debug|Any CPU.ActiveCfg = Debug|Any CPU
		{C1FA874E-3C70-43AA-8F32-B713C457506E}.Debug|Any CPU.Build.0 = Debug|Any CPU
		{C1FA874E-3C70-43AA-8F32-B713C457506E}.Release|Any CPU.ActiveCfg = Release|Any CPU
		{C1FA874E-3C70-43AA-8F32-B713C457506E}.Release|Any CPU.Build.0 = Release|Any CPU
	EndGlobalSection
	GlobalSection(SolutionProperties) = preSolution
		HideSolutionNode = FALSE
	EndGlobalSection
	GlobalSection(ExtensibilityGlobals) = postSolution
		SolutionGuid = {24781FEB-F4A7-4811-A185-E2C305947456}
	EndGlobalSection
EndGlobal
